<?xml version="1.0" encoding="utf-8"?>
<Project ToolsVersion="4.0" xmlns="http://schemas.microsoft.com/developer/msbuild/2003">
  <ItemGroup>
    <Filter Include="소스 파일">
      <UniqueIdentifier>{4FC737F1-C7A5-4376-A066-2A32D752A2FF}</UniqueIdentifier>
      <Extensions>cpp;c;cc;cxx;c++;cppm;ixx;def;odl;idl;hpj;bat;asm;asmx</Extensions>
    </Filter>
    <Filter Include="헤더 파일">
      <UniqueIdentifier>{93995380-89BD-4b04-88EB-625FBE52EBFB}</UniqueIdentifier>
      <Extensions>h;hh;hpp;hxx;h++;hm;inl;inc;ipp;xsd</Extensions>
    </Filter>
    <Filter Include="리소스 파일">
      <UniqueIdentifier>{67DA6AB6-F800-4c08-8B7A-83BB121AAD01}</UniqueIdentifier>
      <Extensions>rc;ico;cur;bmp;dlg;rc2;rct;bin;rgs;gif;jpg;jpeg;jpe;resx;tiff;tif;png;wav;mfcribbon-ms</Extensions>
    </Filter>
    <Filter Include="소스 파일\99.Default">
      <UniqueIdentifier>{5fe5411d-51d2-4150-8069-f90cf64a52f6}</UniqueIdentifier>
    </Filter>
    <Filter Include="소스 파일\00.MainGame">
      <UniqueIdentifier>{cfb32b95-4f2a-420e-8b5e-191089bee8bf}</UniqueIdentifier>
    </Filter>
    <Filter Include="소스 파일\01.Obj">
      <UniqueIdentifier>{dc8b26bf-8632-47a2-a787-ffe5ad9b99a4}</UniqueIdentifier>
    </Filter>
    <Filter Include="소스 파일\01.Obj\00.Player">
      <UniqueIdentifier>{0fdd0334-f7ff-49fa-b05b-9725a135d579}</UniqueIdentifier>
    </Filter>
    <Filter Include="소스 파일\01.Obj\01.Bullet">
      <UniqueIdentifier>{cce51676-5379-489b-9ab9-6cb3a24359d6}</UniqueIdentifier>
    </Filter>
    <Filter Include="소스 파일\01.Obj\02.Monster">
      <UniqueIdentifier>{d3608857-3de4-44da-b6ad-8a2c049d580e}</UniqueIdentifier>
    </Filter>
    <Filter Include="소스 파일\01.Obj\03.Mouse">
      <UniqueIdentifier>{d9a24f0a-81c5-4d48-85f4-4b128d81cbe2}</UniqueIdentifier>
    </Filter>
    <Filter Include="소스 파일\01.Obj\04.Shield">
      <UniqueIdentifier>{25970c71-f8df-4915-a306-ed57e51fed2d}</UniqueIdentifier>
    </Filter>
    <Filter Include="소스 파일\01.Obj\01.Bullet\01.Screw_Bullet">
      <UniqueIdentifier>{15d27772-7f97-40d3-9107-160c6e3854da}</UniqueIdentifier>
    </Filter>
    <Filter Include="소스 파일\01.Obj\01.Bullet\02.Guide_Bullet">
      <UniqueIdentifier>{abad3987-1013-45d9-924f-205e95348cc5}</UniqueIdentifier>
    </Filter>
    <Filter Include="소스 파일\01.Obj\01.Bullet\00.Normal_Bullet">
      <UniqueIdentifier>{5bb8dbfc-5546-4b29-ba06-32bae8f07c28}</UniqueIdentifier>
    </Filter>
    <Filter Include="소스 파일\98.Manager">
      <UniqueIdentifier>{80a6c19a-f494-4671-9ba7-9aed57fbfde3}</UniqueIdentifier>
    </Filter>
    <Filter Include="소스 파일\98.Manager\00.CollisionMgr">
      <UniqueIdentifier>{f858ea7c-20cb-4b36-b9d3-ee303900810e}</UniqueIdentifier>
    </Filter>
    <Filter Include="소스 파일\98.Manager\01.ObjMgr">
      <UniqueIdentifier>{8a37a027-6b5c-4a81-90f6-37384161aeba}</UniqueIdentifier>
    </Filter>
    <Filter Include="소스 파일\98.Manager\02.LineMgr">
      <UniqueIdentifier>{8c8337fc-774f-4c54-939b-0d0b26f176a1}</UniqueIdentifier>
    </Filter>
    <Filter Include="소스 파일\02.Line">
      <UniqueIdentifier>{54facf74-59ba-4ac3-9a0e-343500649b1e}</UniqueIdentifier>
    </Filter>
    <Filter Include="소스 파일\98.Manager\03.KeyMgr">
      <UniqueIdentifier>{a6a235fb-a11e-4d18-8f58-1478092f6b3c}</UniqueIdentifier>
    </Filter>
  </ItemGroup>
  <ItemGroup>
    <ClInclude Include="framework.h">
      <Filter>헤더 파일</Filter>
    </ClInclude>
    <ClInclude Include="API_Framework.h">
      <Filter>소스 파일\99.Default</Filter>
    </ClInclude>
    <ClInclude Include="pch.h">
      <Filter>소스 파일\99.Default</Filter>
    </ClInclude>
    <ClInclude Include="Resource.h">
      <Filter>소스 파일\99.Default</Filter>
    </ClInclude>
    <ClInclude Include="targetver.h">
      <Filter>소스 파일\99.Default</Filter>
    </ClInclude>
    <ClInclude Include="MainGame.h">
      <Filter>소스 파일\00.MainGame</Filter>
    </ClInclude>
    <ClInclude Include="Obj.h">
      <Filter>소스 파일\01.Obj</Filter>
    </ClInclude>
    <ClInclude Include="Player.h">
      <Filter>소스 파일\01.Obj\00.Player</Filter>
    </ClInclude>
    <ClInclude Include="Monster.h">
      <Filter>소스 파일\01.Obj\02.Monster</Filter>
    </ClInclude>
    <ClInclude Include="CollisionMgr.h">
      <Filter>소스 파일\98.Manager\00.CollisionMgr</Filter>
    </ClInclude>
    <ClInclude Include="Mouse.h">
      <Filter>소스 파일\01.Obj\03.Mouse</Filter>
    </ClInclude>
    <ClInclude Include="Shield.h">
      <Filter>소스 파일\01.Obj\04.Shield</Filter>
    </ClInclude>
    <ClInclude Include="ObjMgr.h">
      <Filter>소스 파일\98.Manager\01.ObjMgr</Filter>
    </ClInclude>
    <ClInclude Include="Bullet.h">
      <Filter>소스 파일\01.Obj\01.Bullet\00.Normal_Bullet</Filter>
    </ClInclude>
    <ClInclude Include="ScrewBullet.h">
      <Filter>소스 파일\01.Obj\01.Bullet\01.Screw_Bullet</Filter>
    </ClInclude>
    <ClInclude Include="GuideBullet.h">
      <Filter>소스 파일\01.Obj\01.Bullet\02.Guide_Bullet</Filter>
    </ClInclude>
    <ClInclude Include="LineMgr.h">
      <Filter>소스 파일\98.Manager\02.LineMgr</Filter>
    </ClInclude>
    <ClInclude Include="Line.h">
      <Filter>소스 파일\02.Line</Filter>
    </ClInclude>
    <ClInclude Include="KeyMgr.h">
      <Filter>소스 파일\98.Manager\03.KeyMgr</Filter>
    </ClInclude>
  </ItemGroup>
  <ItemGroup>
    <ClCompile Include="API_Framework.cpp">
      <Filter>소스 파일</Filter>
    </ClCompile>
    <ClCompile Include="pch.cpp">
      <Filter>소스 파일\99.Default</Filter>
    </ClCompile>
    <ClCompile Include="MainGame.cpp">
      <Filter>소스 파일\00.MainGame</Filter>
    </ClCompile>
    <ClCompile Include="Obj.cpp">
      <Filter>소스 파일\01.Obj</Filter>
    </ClCompile>
    <ClCompile Include="Player.cpp">
      <Filter>소스 파일\01.Obj\00.Player</Filter>
    </ClCompile>
    <ClCompile Include="Monster.cpp">
      <Filter>소스 파일\01.Obj\02.Monster</Filter>
    </ClCompile>
    <ClCompile Include="CollisionMgr.cpp">
      <Filter>소스 파일\98.Manager\00.CollisionMgr</Filter>
    </ClCompile>
    <ClCompile Include="Mouse.cpp">
      <Filter>소스 파일\01.Obj\03.Mouse</Filter>
    </ClCompile>
    <ClCompile Include="Shield.cpp">
      <Filter>소스 파일\01.Obj\04.Shield</Filter>
    </ClCompile>
    <ClCompile Include="ObjMgr.cpp">
      <Filter>소스 파일\98.Manager\01.ObjMgr</Filter>
    </ClCompile>
    <ClCompile Include="Bullet.cpp">
      <Filter>소스 파일\01.Obj\01.Bullet\00.Normal_Bullet</Filter>
    </ClCompile>
    <ClCompile Include="ScrewBullet.cpp">
      <Filter>소스 파일\01.Obj\01.Bullet\01.Screw_Bullet</Filter>
    </ClCompile>
    <ClCompile Include="GuideBullet.cpp">
      <Filter>소스 파일\01.Obj\01.Bullet\02.Guide_Bullet</Filter>
    </ClCompile>
    <ClCompile Include="LineMgr.cpp">
      <Filter>소스 파일\98.Manager\02.LineMgr</Filter>
    </ClCompile>
    <ClCompile Include="Line.cpp">
      <Filter>소스 파일\02.Line</Filter>
    </ClCompile>
    <ClCompile Include="KeyMgr.cpp">
      <Filter>소스 파일\98.Manager\03.KeyMgr</Filter>
    </ClCompile>
  </ItemGroup>
  <ItemGroup>
    <ResourceCompile Include="API_Framework.rc">
      <Filter>리소스 파일</Filter>
    </ResourceCompile>
  </ItemGroup>
  <ItemGroup>
    <Image Include="small.ico">
      <Filter>리소스 파일</Filter>
    </Image>
    <Image Include="API_Framework.ico">
      <Filter>리소스 파일</Filter>
    </Image>
  </ItemGroup>
</Project>